
Microsoft Visual Studio Solution File, Format Version 12.00
# Visual Studio 15
VisualStudioVersion = 15.0.28010.2003
MinimumVisualStudioVersion = 10.0.40219.1
Project("{FAE04EC0-301F-11D3-BF4B-00C04F79EFBC}") = "cloudAsssignment", "cloudAsssignment\cloudAsssignment.csproj", "{DDD5672C-B9DC-45D4-B064-73E9DD5ACAC2}"
EndProject
Project("{FAE04EC0-301F-11D3-BF4B-00C04F79EFBC}") = "cloudAsssignment.Tests", "cloudAsssignment.Tests\cloudAsssignment.Tests.csproj", "{F205C8DB-23D9-4A53-9898-C6EA5AF12663}"
EndProject
Global
	GlobalSection(SolutionConfigurationPlatforms) = preSolution
		Debug|Any CPU = Debug|Any CPU
		Release|Any CPU = Release|Any CPU
	EndGlobalSection
	GlobalSection(ProjectConfigurationPlatforms) = postSolution
		{DDD5672C-B9DC-45D4-B064-73E9DD5ACAC2}.Debug|Any CPU.ActiveCfg = Debug|Any CPU
		{DDD5672C-B9DC-45D4-B064-73E9DD5ACAC2}.Debug|Any CPU.Build.0 = Debug|Any CPU
		{DDD5672C-B9DC-45D4-B064-73E9DD5ACAC2}.Release|Any CPU.ActiveCfg = Release|Any CPU
		{DDD5672C-B9DC-45D4-B064-73E9DD5ACAC2}.Release|Any CPU.Build.0 = Release|Any CPU
		{F205C8DB-23D9-4A53-9898-C6EA5AF12663}.Debug|Any CPU.ActiveCfg = Debug|Any CPU
		{F205C8DB-23D9-4A53-9898-C6EA5AF12663}.Debug|Any CPU.Build.0 = Debug|Any CPU
		{F205C8DB-23D9-4A53-9898-C6EA5AF12663}.Release|Any CPU.ActiveCfg = Release|Any CPU
		{F205C8DB-23D9-4A53-9898-C6EA5AF12663}.Release|Any CPU.Build.0 = Release|Any CPU
	EndGlobalSection
	GlobalSection(SolutionProperties) = preSolution
		HideSolutionNode = FALSE
	EndGlobalSection
	GlobalSection(ExtensibilityGlobals) = postSolution
		SolutionGuid = {BEE3F4E4-977F-4A84-9D70-145BF6473B65}
	EndGlobalSection
EndGlobal
